
Microsoft Visual Studio Solution File, Format Version 12.00
# Visual Studio 14
VisualStudioVersion = 14.0.25123.0
MinimumVisualStudioVersion = 10.0.40219.1
Project("{FAE04EC0-301F-11D3-BF4B-00C04F79EFBC}") = "Sentro", "Sentro\Sentro.csproj", "{4133C8C7-CE4E-4FF3-A8D5-76E4CB9719A5}"
EndProject
Project("{FAE04EC0-301F-11D3-BF4B-00C04F79EFBC}") = "Gonzales", "Gonzales\Gonzales.csproj", "{949F766B-FE9B-45C0-B935-96CF90A31BB1}"
EndProject
Global
	GlobalSection(SolutionConfigurationPlatforms) = preSolution
		Debug|Any CPU = Debug|Any CPU
		Release|Any CPU = Release|Any CPU
	EndGlobalSection
	GlobalSection(ProjectConfigurationPlatforms) = postSolution
		{4133C8C7-CE4E-4FF3-A8D5-76E4CB9719A5}.Debug|Any CPU.ActiveCfg = Debug|Any CPU
		{4133C8C7-CE4E-4FF3-A8D5-76E4CB9719A5}.Debug|Any CPU.Build.0 = Debug|Any CPU
		{4133C8C7-CE4E-4FF3-A8D5-76E4CB9719A5}.Release|Any CPU.ActiveCfg = Release|Any CPU
		{4133C8C7-CE4E-4FF3-A8D5-76E4CB9719A5}.Release|Any CPU.Build.0 = Release|Any CPU
		{949F766B-FE9B-45C0-B935-96CF90A31BB1}.Debug|Any CPU.ActiveCfg = Debug|Any CPU
		{949F766B-FE9B-45C0-B935-96CF90A31BB1}.Debug|Any CPU.Build.0 = Debug|Any CPU
		{949F766B-FE9B-45C0-B935-96CF90A31BB1}.Release|Any CPU.ActiveCfg = Release|Any CPU
		{949F766B-FE9B-45C0-B935-96CF90A31BB1}.Release|Any CPU.Build.0 = Release|Any CPU
	EndGlobalSection
	GlobalSection(SolutionProperties) = preSolution
		HideSolutionNode = FALSE
	EndGlobalSection
EndGlobal
